
Microsoft Visual Studio Solution File, Format Version 12.00
# Visual Studio 14
VisualStudioVersion = 14.0.25420.1
MinimumVisualStudioVersion = 10.0.40219.1
Project("{FAE04EC0-301F-11D3-BF4B-00C04F79EFBC}") = "IngenieriaTareaUI", "IngenieriaTareaUI\IngenieriaTareaUI.csproj", "{835630CE-53EB-49A6-831D-D22CFC6B5CDC}"
EndProject
Project("{FAE04EC0-301F-11D3-BF4B-00C04F79EFBC}") = "Domain.Entities", "Domain.Entities\Domain.Entities.csproj", "{F2DA4444-1D82-4404-9937-787336AD33A6}"
EndProject
Project("{FAE04EC0-301F-11D3-BF4B-00C04F79EFBC}") = "Domain.UTL", "Domain.UTL\Domain.UTL.csproj", "{F40BC74D-457B-4105-834E-FC0BF8D3C72F}"
EndProject
Global
	GlobalSection(SolutionConfigurationPlatforms) = preSolution
		Debug|Any CPU = Debug|Any CPU
		Release|Any CPU = Release|Any CPU
	EndGlobalSection
	GlobalSection(ProjectConfigurationPlatforms) = postSolution
		{835630CE-53EB-49A6-831D-D22CFC6B5CDC}.Debug|Any CPU.ActiveCfg = Debug|Any CPU
		{835630CE-53EB-49A6-831D-D22CFC6B5CDC}.Debug|Any CPU.Build.0 = Debug|Any CPU
		{835630CE-53EB-49A6-831D-D22CFC6B5CDC}.Release|Any CPU.ActiveCfg = Release|Any CPU
		{835630CE-53EB-49A6-831D-D22CFC6B5CDC}.Release|Any CPU.Build.0 = Release|Any CPU
		{F2DA4444-1D82-4404-9937-787336AD33A6}.Debug|Any CPU.ActiveCfg = Debug|Any CPU
		{F2DA4444-1D82-4404-9937-787336AD33A6}.Debug|Any CPU.Build.0 = Debug|Any CPU
		{F2DA4444-1D82-4404-9937-787336AD33A6}.Release|Any CPU.ActiveCfg = Release|Any CPU
		{F2DA4444-1D82-4404-9937-787336AD33A6}.Release|Any CPU.Build.0 = Release|Any CPU
		{F40BC74D-457B-4105-834E-FC0BF8D3C72F}.Debug|Any CPU.ActiveCfg = Debug|Any CPU
		{F40BC74D-457B-4105-834E-FC0BF8D3C72F}.Debug|Any CPU.Build.0 = Debug|Any CPU
		{F40BC74D-457B-4105-834E-FC0BF8D3C72F}.Release|Any CPU.ActiveCfg = Release|Any CPU
		{F40BC74D-457B-4105-834E-FC0BF8D3C72F}.Release|Any CPU.Build.0 = Release|Any CPU
	EndGlobalSection
	GlobalSection(SolutionProperties) = preSolution
		HideSolutionNode = FALSE
	EndGlobalSection
EndGlobal
